
Microsoft Visual Studio Solution File, Format Version 12.00
# Visual Studio 15
VisualStudioVersion = 15.0.27703.2026
MinimumVisualStudioVersion = 10.0.40219.1
Project("{FAE04EC0-301F-11D3-BF4B-00C04F79EFBC}") = "FileSystemStuff", "Charlie\FileSystemStuff.csproj", "{96968C3E-9B1C-419F-84E5-AA040B540A0C}"
EndProject
Global
	GlobalSection(SolutionConfigurationPlatforms) = preSolution
		Debug|Any CPU = Debug|Any CPU
		Release|Any CPU = Release|Any CPU
	EndGlobalSection
	GlobalSection(ProjectConfigurationPlatforms) = postSolution
		{96968C3E-9B1C-419F-84E5-AA040B540A0C}.Debug|Any CPU.ActiveCfg = Debug|Any CPU
		{96968C3E-9B1C-419F-84E5-AA040B540A0C}.Debug|Any CPU.Build.0 = Debug|Any CPU
		{96968C3E-9B1C-419F-84E5-AA040B540A0C}.Release|Any CPU.ActiveCfg = Release|Any CPU
		{96968C3E-9B1C-419F-84E5-AA040B540A0C}.Release|Any CPU.Build.0 = Release|Any CPU
	EndGlobalSection
	GlobalSection(SolutionProperties) = preSolution
		HideSolutionNode = FALSE
	EndGlobalSection
	GlobalSection(ExtensibilityGlobals) = postSolution
		SolutionGuid = {950B21AA-D560-433D-90BF-25748D499FC2}
	EndGlobalSection
EndGlobal
