
Microsoft Visual Studio Solution File, Format Version 12.00
# Visual Studio 15
VisualStudioVersion = 15.0.27703.2026
MinimumVisualStudioVersion = 10.0.40219.1
Project("{FAE04EC0-301F-11D3-BF4B-00C04F79EFBC}") = "BirthdayTracker", "BirthdayTracker\BirthdayTracker.csproj", "{EA7A7264-0B3C-404F-9E0D-42ACBC0DE389}"
EndProject
Global
	GlobalSection(SolutionConfigurationPlatforms) = preSolution
		Debug|Any CPU = Debug|Any CPU
		Release|Any CPU = Release|Any CPU
	EndGlobalSection
	GlobalSection(ProjectConfigurationPlatforms) = postSolution
		{EA7A7264-0B3C-404F-9E0D-42ACBC0DE389}.Debug|Any CPU.ActiveCfg = Debug|Any CPU
		{EA7A7264-0B3C-404F-9E0D-42ACBC0DE389}.Debug|Any CPU.Build.0 = Debug|Any CPU
		{EA7A7264-0B3C-404F-9E0D-42ACBC0DE389}.Release|Any CPU.ActiveCfg = Release|Any CPU
		{EA7A7264-0B3C-404F-9E0D-42ACBC0DE389}.Release|Any CPU.Build.0 = Release|Any CPU
	EndGlobalSection
	GlobalSection(SolutionProperties) = preSolution
		HideSolutionNode = FALSE
	EndGlobalSection
	GlobalSection(ExtensibilityGlobals) = postSolution
		SolutionGuid = {7AB45126-3F17-440F-9E85-5E6AFB14B877}
	EndGlobalSection
EndGlobal
