
Microsoft Visual Studio Solution File, Format Version 12.00
# Visual Studio 15
VisualStudioVersion = 15.0.27703.2026
MinimumVisualStudioVersion = 10.0.40219.1
Project("{FAE04EC0-301F-11D3-BF4B-00C04F79EFBC}") = "WebApplication1", "WebApplication1\WebApplication1.csproj", "{DC19A704-D999-4A81-A598-48A4DC0CCE9A}"
EndProject
Global
	GlobalSection(SolutionConfigurationPlatforms) = preSolution
		Debug|Any CPU = Debug|Any CPU
		Release|Any CPU = Release|Any CPU
	EndGlobalSection
	GlobalSection(ProjectConfigurationPlatforms) = postSolution
		{DC19A704-D999-4A81-A598-48A4DC0CCE9A}.Debug|Any CPU.ActiveCfg = Debug|Any CPU
		{DC19A704-D999-4A81-A598-48A4DC0CCE9A}.Debug|Any CPU.Build.0 = Debug|Any CPU
		{DC19A704-D999-4A81-A598-48A4DC0CCE9A}.Release|Any CPU.ActiveCfg = Release|Any CPU
		{DC19A704-D999-4A81-A598-48A4DC0CCE9A}.Release|Any CPU.Build.0 = Release|Any CPU
	EndGlobalSection
	GlobalSection(SolutionProperties) = preSolution
		HideSolutionNode = FALSE
	EndGlobalSection
	GlobalSection(ExtensibilityGlobals) = postSolution
		SolutionGuid = {69459EA6-8A27-400B-8726-419FF1077E24}
	EndGlobalSection
EndGlobal
