
Microsoft Visual Studio Solution File, Format Version 12.00
# Visual Studio 15
VisualStudioVersion = 15.0.27703.2026
MinimumVisualStudioVersion = 10.0.40219.1
Project("{9A19103F-16F7-4668-BE54-9A1E7A4F7556}") = "Alpha", "Alpha\Alpha.csproj", "{BC0F8115-65E4-4960-BC43-7931B2A88873}"
EndProject
Project("{9A19103F-16F7-4668-BE54-9A1E7A4F7556}") = "ConsoleApp2", "ConsoleApp2\ConsoleApp2.csproj", "{329D3DF1-9303-4213-87E4-6DC37F14FC01}"
EndProject
Project("{9A19103F-16F7-4668-BE54-9A1E7A4F7556}") = "ConsoleApp3", "ConsoleApp3\ConsoleApp3.csproj", "{B17D1A86-4096-485C-AF2F-8334B0B5A99A}"
EndProject
Project("{9A19103F-16F7-4668-BE54-9A1E7A4F7556}") = "ConsoleApp3Review", "ConsoleApp3Review\ConsoleApp3Review.csproj", "{49F1D956-A55E-498D-A231-2EF0341633E0}"
EndProject
Project("{9A19103F-16F7-4668-BE54-9A1E7A4F7556}") = "ClassLibrary1", "..\..\Day 15\ClassLibrary1\ClassLibrary1.csproj", "{F776D231-CA2B-4E63-A0F2-3A9E8DE17A2B}"
EndProject
Project("{9A19103F-16F7-4668-BE54-9A1E7A4F7556}") = "XUnitTestProject1", "..\..\Day 15\XUnitTestProject1\XUnitTestProject1.csproj", "{DAB041E8-0510-48F7-A3B5-A41C349EB2BA}"
EndProject
Project("{9A19103F-16F7-4668-BE54-9A1E7A4F7556}") = "NameProcessorApp", "..\..\Day 15\NameProcessorApp\NameProcessorApp.csproj", "{8EFA1EB4-194B-4161-89C9-F737370447F2}"
EndProject
Project("{9A19103F-16F7-4668-BE54-9A1E7A4F7556}") = "NameLibrary", "NameLibrary\NameLibrary.csproj", "{FA599AE1-C168-4FF2-86D0-DCC9B11428BF}"
EndProject
Project("{9A19103F-16F7-4668-BE54-9A1E7A4F7556}") = "XUnitTestProject2", "..\..\Day 15\XUnitTestProject2\XUnitTestProject2.csproj", "{42771606-5FFA-4E01-8D16-6006567157FD}"
EndProject
Project("{2150E333-8FDC-42A3-9474-1A3956D46DE8}") = "Older Files", "Older Files", "{97650674-8219-4388-B7E1-A1806A848190}"
EndProject
Project("{9A19103F-16F7-4668-BE54-9A1E7A4F7556}") = "Automobiles", "ClassLibrary2\Automobiles.csproj", "{7BC83162-9D23-442A-8D1D-127DF5A1DA28}"
EndProject
Project("{9A19103F-16F7-4668-BE54-9A1E7A4F7556}") = "AutoMobilesApp", "..\..\Day 15\AutoMobilesApp\AutoMobilesApp.csproj", "{E7AAC057-3D00-43EA-B12C-AF326F04BA8C}"
EndProject
Project("{9A19103F-16F7-4668-BE54-9A1E7A4F7556}") = "AddingExample", "..\..\Day 15\AddingExample\AddingExample.csproj", "{14860824-4EA3-4DB4-B21D-791D0C84F278}"
EndProject
Project("{9A19103F-16F7-4668-BE54-9A1E7A4F7556}") = "VehicleV2", "VehicleV2\VehicleV2.csproj", "{782D87CC-529B-4B45-A3CA-03C4E5CCA749}"
EndProject
Project("{FAE04EC0-301F-11D3-BF4B-00C04F79EFBC}") = "MorningRoutine", "MorningRoutine\MorningRoutine.csproj", "{018531E2-FD45-49BC-A240-EC93C081AF4F}"
EndProject
Project("{FAE04EC0-301F-11D3-BF4B-00C04F79EFBC}") = "InteriorDesign", "InteriorDesign\InteriorDesign.csproj", "{52A8A18D-45CE-4281-849C-585A45621986}"
EndProject
Project("{FAE04EC0-301F-11D3-BF4B-00C04F79EFBC}") = "Exercising", "Exercising\Exercising.csproj", "{25F0754A-1801-4CDB-A3D9-523F6CE81230}"
EndProject
Global
	GlobalSection(SolutionConfigurationPlatforms) = preSolution
		Debug|Any CPU = Debug|Any CPU
		Release|Any CPU = Release|Any CPU
	EndGlobalSection
	GlobalSection(ProjectConfigurationPlatforms) = postSolution
		{BC0F8115-65E4-4960-BC43-7931B2A88873}.Debug|Any CPU.ActiveCfg = Debug|Any CPU
		{BC0F8115-65E4-4960-BC43-7931B2A88873}.Debug|Any CPU.Build.0 = Debug|Any CPU
		{BC0F8115-65E4-4960-BC43-7931B2A88873}.Release|Any CPU.ActiveCfg = Release|Any CPU
		{BC0F8115-65E4-4960-BC43-7931B2A88873}.Release|Any CPU.Build.0 = Release|Any CPU
		{329D3DF1-9303-4213-87E4-6DC37F14FC01}.Debug|Any CPU.ActiveCfg = Debug|Any CPU
		{329D3DF1-9303-4213-87E4-6DC37F14FC01}.Debug|Any CPU.Build.0 = Debug|Any CPU
		{329D3DF1-9303-4213-87E4-6DC37F14FC01}.Release|Any CPU.ActiveCfg = Release|Any CPU
		{329D3DF1-9303-4213-87E4-6DC37F14FC01}.Release|Any CPU.Build.0 = Release|Any CPU
		{B17D1A86-4096-485C-AF2F-8334B0B5A99A}.Debug|Any CPU.ActiveCfg = Debug|Any CPU
		{B17D1A86-4096-485C-AF2F-8334B0B5A99A}.Debug|Any CPU.Build.0 = Debug|Any CPU
		{B17D1A86-4096-485C-AF2F-8334B0B5A99A}.Release|Any CPU.ActiveCfg = Release|Any CPU
		{B17D1A86-4096-485C-AF2F-8334B0B5A99A}.Release|Any CPU.Build.0 = Release|Any CPU
		{49F1D956-A55E-498D-A231-2EF0341633E0}.Debug|Any CPU.ActiveCfg = Debug|Any CPU
		{49F1D956-A55E-498D-A231-2EF0341633E0}.Debug|Any CPU.Build.0 = Debug|Any CPU
		{49F1D956-A55E-498D-A231-2EF0341633E0}.Release|Any CPU.ActiveCfg = Release|Any CPU
		{49F1D956-A55E-498D-A231-2EF0341633E0}.Release|Any CPU.Build.0 = Release|Any CPU
		{F776D231-CA2B-4E63-A0F2-3A9E8DE17A2B}.Debug|Any CPU.ActiveCfg = Debug|Any CPU
		{F776D231-CA2B-4E63-A0F2-3A9E8DE17A2B}.Debug|Any CPU.Build.0 = Debug|Any CPU
		{F776D231-CA2B-4E63-A0F2-3A9E8DE17A2B}.Release|Any CPU.ActiveCfg = Release|Any CPU
		{F776D231-CA2B-4E63-A0F2-3A9E8DE17A2B}.Release|Any CPU.Build.0 = Release|Any CPU
		{DAB041E8-0510-48F7-A3B5-A41C349EB2BA}.Debug|Any CPU.ActiveCfg = Debug|Any CPU
		{DAB041E8-0510-48F7-A3B5-A41C349EB2BA}.Debug|Any CPU.Build.0 = Debug|Any CPU
		{DAB041E8-0510-48F7-A3B5-A41C349EB2BA}.Release|Any CPU.ActiveCfg = Release|Any CPU
		{DAB041E8-0510-48F7-A3B5-A41C349EB2BA}.Release|Any CPU.Build.0 = Release|Any CPU
		{8EFA1EB4-194B-4161-89C9-F737370447F2}.Debug|Any CPU.ActiveCfg = Debug|Any CPU
		{8EFA1EB4-194B-4161-89C9-F737370447F2}.Debug|Any CPU.Build.0 = Debug|Any CPU
		{8EFA1EB4-194B-4161-89C9-F737370447F2}.Release|Any CPU.ActiveCfg = Release|Any CPU
		{8EFA1EB4-194B-4161-89C9-F737370447F2}.Release|Any CPU.Build.0 = Release|Any CPU
		{FA599AE1-C168-4FF2-86D0-DCC9B11428BF}.Debug|Any CPU.ActiveCfg = Debug|Any CPU
		{FA599AE1-C168-4FF2-86D0-DCC9B11428BF}.Debug|Any CPU.Build.0 = Debug|Any CPU
		{FA599AE1-C168-4FF2-86D0-DCC9B11428BF}.Release|Any CPU.ActiveCfg = Release|Any CPU
		{FA599AE1-C168-4FF2-86D0-DCC9B11428BF}.Release|Any CPU.Build.0 = Release|Any CPU
		{42771606-5FFA-4E01-8D16-6006567157FD}.Debug|Any CPU.ActiveCfg = Debug|Any CPU
		{42771606-5FFA-4E01-8D16-6006567157FD}.Debug|Any CPU.Build.0 = Debug|Any CPU
		{42771606-5FFA-4E01-8D16-6006567157FD}.Release|Any CPU.ActiveCfg = Release|Any CPU
		{42771606-5FFA-4E01-8D16-6006567157FD}.Release|Any CPU.Build.0 = Release|Any CPU
		{7BC83162-9D23-442A-8D1D-127DF5A1DA28}.Debug|Any CPU.ActiveCfg = Debug|Any CPU
		{7BC83162-9D23-442A-8D1D-127DF5A1DA28}.Debug|Any CPU.Build.0 = Debug|Any CPU
		{7BC83162-9D23-442A-8D1D-127DF5A1DA28}.Release|Any CPU.ActiveCfg = Release|Any CPU
		{7BC83162-9D23-442A-8D1D-127DF5A1DA28}.Release|Any CPU.Build.0 = Release|Any CPU
		{E7AAC057-3D00-43EA-B12C-AF326F04BA8C}.Debug|Any CPU.ActiveCfg = Debug|Any CPU
		{E7AAC057-3D00-43EA-B12C-AF326F04BA8C}.Debug|Any CPU.Build.0 = Debug|Any CPU
		{E7AAC057-3D00-43EA-B12C-AF326F04BA8C}.Release|Any CPU.ActiveCfg = Release|Any CPU
		{E7AAC057-3D00-43EA-B12C-AF326F04BA8C}.Release|Any CPU.Build.0 = Release|Any CPU
		{14860824-4EA3-4DB4-B21D-791D0C84F278}.Debug|Any CPU.ActiveCfg = Debug|Any CPU
		{14860824-4EA3-4DB4-B21D-791D0C84F278}.Debug|Any CPU.Build.0 = Debug|Any CPU
		{14860824-4EA3-4DB4-B21D-791D0C84F278}.Release|Any CPU.ActiveCfg = Release|Any CPU
		{14860824-4EA3-4DB4-B21D-791D0C84F278}.Release|Any CPU.Build.0 = Release|Any CPU
		{782D87CC-529B-4B45-A3CA-03C4E5CCA749}.Debug|Any CPU.ActiveCfg = Debug|Any CPU
		{782D87CC-529B-4B45-A3CA-03C4E5CCA749}.Debug|Any CPU.Build.0 = Debug|Any CPU
		{782D87CC-529B-4B45-A3CA-03C4E5CCA749}.Release|Any CPU.ActiveCfg = Release|Any CPU
		{782D87CC-529B-4B45-A3CA-03C4E5CCA749}.Release|Any CPU.Build.0 = Release|Any CPU
		{018531E2-FD45-49BC-A240-EC93C081AF4F}.Debug|Any CPU.ActiveCfg = Debug|Any CPU
		{018531E2-FD45-49BC-A240-EC93C081AF4F}.Debug|Any CPU.Build.0 = Debug|Any CPU
		{018531E2-FD45-49BC-A240-EC93C081AF4F}.Release|Any CPU.ActiveCfg = Release|Any CPU
		{018531E2-FD45-49BC-A240-EC93C081AF4F}.Release|Any CPU.Build.0 = Release|Any CPU
		{52A8A18D-45CE-4281-849C-585A45621986}.Debug|Any CPU.ActiveCfg = Debug|Any CPU
		{52A8A18D-45CE-4281-849C-585A45621986}.Debug|Any CPU.Build.0 = Debug|Any CPU
		{52A8A18D-45CE-4281-849C-585A45621986}.Release|Any CPU.ActiveCfg = Release|Any CPU
		{52A8A18D-45CE-4281-849C-585A45621986}.Release|Any CPU.Build.0 = Release|Any CPU
		{25F0754A-1801-4CDB-A3D9-523F6CE81230}.Debug|Any CPU.ActiveCfg = Debug|Any CPU
		{25F0754A-1801-4CDB-A3D9-523F6CE81230}.Debug|Any CPU.Build.0 = Debug|Any CPU
		{25F0754A-1801-4CDB-A3D9-523F6CE81230}.Release|Any CPU.ActiveCfg = Release|Any CPU
		{25F0754A-1801-4CDB-A3D9-523F6CE81230}.Release|Any CPU.Build.0 = Release|Any CPU
	EndGlobalSection
	GlobalSection(SolutionProperties) = preSolution
		HideSolutionNode = FALSE
	EndGlobalSection
	GlobalSection(NestedProjects) = preSolution
		{BC0F8115-65E4-4960-BC43-7931B2A88873} = {97650674-8219-4388-B7E1-A1806A848190}
		{329D3DF1-9303-4213-87E4-6DC37F14FC01} = {97650674-8219-4388-B7E1-A1806A848190}
		{B17D1A86-4096-485C-AF2F-8334B0B5A99A} = {97650674-8219-4388-B7E1-A1806A848190}
		{49F1D956-A55E-498D-A231-2EF0341633E0} = {97650674-8219-4388-B7E1-A1806A848190}
		{F776D231-CA2B-4E63-A0F2-3A9E8DE17A2B} = {97650674-8219-4388-B7E1-A1806A848190}
		{DAB041E8-0510-48F7-A3B5-A41C349EB2BA} = {97650674-8219-4388-B7E1-A1806A848190}
		{8EFA1EB4-194B-4161-89C9-F737370447F2} = {97650674-8219-4388-B7E1-A1806A848190}
		{FA599AE1-C168-4FF2-86D0-DCC9B11428BF} = {97650674-8219-4388-B7E1-A1806A848190}
		{42771606-5FFA-4E01-8D16-6006567157FD} = {97650674-8219-4388-B7E1-A1806A848190}
		{7BC83162-9D23-442A-8D1D-127DF5A1DA28} = {97650674-8219-4388-B7E1-A1806A848190}
		{E7AAC057-3D00-43EA-B12C-AF326F04BA8C} = {97650674-8219-4388-B7E1-A1806A848190}
		{14860824-4EA3-4DB4-B21D-791D0C84F278} = {97650674-8219-4388-B7E1-A1806A848190}
	EndGlobalSection
	GlobalSection(ExtensibilityGlobals) = postSolution
		SolutionGuid = {CAAECD4C-41CE-48B0-8602-406321AEC97F}
	EndGlobalSection
EndGlobal
